
Microsoft Visual Studio Solution File, Format Version 12.00
# Visual Studio Version 17
VisualStudioVersion = 17.7.34018.315
MinimumVisualStudioVersion = 10.0.40219.1
Project("{FAE04EC0-301F-11D3-BF4B-00C04F79EFBC}") = "Yi", "Yi\Yi.csproj", "{F2C5F19A-26C6-446D-A8B0-EF723DC1F47C}"
EndProject
Project("{FAE04EC0-301F-11D3-BF4B-00C04F79EFBC}") = "DataTools", "DataTools\DataTools.csproj", "{B5B76370-C138-4345-BB47-C717873661D3}"
EndProject
Project("{FAE04EC0-301F-11D3-BF4B-00C04F79EFBC}") = "DataLayer", "DataLayer\DataLayer.csproj", "{753528D5-762C-4630-AC3C-6B7D61AA1A0A}"
EndProject
Project("{FAE04EC0-301F-11D3-BF4B-00C04F79EFBC}") = "DataLayerMaui", "DataLayerMaui\DataLayerMaui.csproj", "{FB15187A-27AF-4456-9A78-815D07345FCB}"
EndProject
Global
	GlobalSection(SolutionConfigurationPlatforms) = preSolution
		Debug|Any CPU = Debug|Any CPU
		Release|Any CPU = Release|Any CPU
	EndGlobalSection
	GlobalSection(ProjectConfigurationPlatforms) = postSolution
		{F2C5F19A-26C6-446D-A8B0-EF723DC1F47C}.Debug|Any CPU.ActiveCfg = Debug|Any CPU
		{F2C5F19A-26C6-446D-A8B0-EF723DC1F47C}.Debug|Any CPU.Build.0 = Debug|Any CPU
		{F2C5F19A-26C6-446D-A8B0-EF723DC1F47C}.Debug|Any CPU.Deploy.0 = Debug|Any CPU
		{F2C5F19A-26C6-446D-A8B0-EF723DC1F47C}.Release|Any CPU.ActiveCfg = Release|Any CPU
		{F2C5F19A-26C6-446D-A8B0-EF723DC1F47C}.Release|Any CPU.Build.0 = Release|Any CPU
		{F2C5F19A-26C6-446D-A8B0-EF723DC1F47C}.Release|Any CPU.Deploy.0 = Release|Any CPU
		{B5B76370-C138-4345-BB47-C717873661D3}.Debug|Any CPU.ActiveCfg = Debug|Any CPU
		{B5B76370-C138-4345-BB47-C717873661D3}.Debug|Any CPU.Build.0 = Debug|Any CPU
		{B5B76370-C138-4345-BB47-C717873661D3}.Release|Any CPU.ActiveCfg = Release|Any CPU
		{B5B76370-C138-4345-BB47-C717873661D3}.Release|Any CPU.Build.0 = Release|Any CPU
		{753528D5-762C-4630-AC3C-6B7D61AA1A0A}.Debug|Any CPU.ActiveCfg = Debug|Any CPU
		{753528D5-762C-4630-AC3C-6B7D61AA1A0A}.Debug|Any CPU.Build.0 = Debug|Any CPU
		{753528D5-762C-4630-AC3C-6B7D61AA1A0A}.Release|Any CPU.ActiveCfg = Release|Any CPU
		{753528D5-762C-4630-AC3C-6B7D61AA1A0A}.Release|Any CPU.Build.0 = Release|Any CPU
		{FB15187A-27AF-4456-9A78-815D07345FCB}.Debug|Any CPU.ActiveCfg = Debug|Any CPU
		{FB15187A-27AF-4456-9A78-815D07345FCB}.Debug|Any CPU.Build.0 = Debug|Any CPU
		{FB15187A-27AF-4456-9A78-815D07345FCB}.Release|Any CPU.ActiveCfg = Release|Any CPU
		{FB15187A-27AF-4456-9A78-815D07345FCB}.Release|Any CPU.Build.0 = Release|Any CPU
	EndGlobalSection
	GlobalSection(SolutionProperties) = preSolution
		HideSolutionNode = FALSE
	EndGlobalSection
	GlobalSection(ExtensibilityGlobals) = postSolution
		SolutionGuid = {2D313C64-61BA-40FD-89F0-98E374A3CE10}
	EndGlobalSection
EndGlobal
