
Microsoft Visual Studio Solution File, Format Version 12.00
# Visual Studio Version 17
VisualStudioVersion = 17.7.34018.315
MinimumVisualStudioVersion = 10.0.40219.1
Project("{9A19103F-16F7-4668-BE54-9A1E7A4F7556}") = "Yi", "Yi\Yi.csproj", "{F2C5F19A-26C6-446D-A8B0-EF723DC1F47C}"
EndProject
Project("{9A19103F-16F7-4668-BE54-9A1E7A4F7556}") = "DataTools", "DataTools\DataTools.csproj", "{B5B76370-C138-4345-BB47-C717873661D3}"
	ProjectSection(ProjectDependencies) = postProject
		{753528D5-762C-4630-AC3C-6B7D61AA1A0A} = {753528D5-762C-4630-AC3C-6B7D61AA1A0A}
		{D0081CF6-D420-4E5E-80D3-3E929BD8CE93} = {D0081CF6-D420-4E5E-80D3-3E929BD8CE93}
	EndProjectSection
EndProject
Project("{9A19103F-16F7-4668-BE54-9A1E7A4F7556}") = "DataLayer", "DataLayer\DataLayer.csproj", "{753528D5-762C-4630-AC3C-6B7D61AA1A0A}"
EndProject
Project("{2150E333-8FDC-42A3-9474-1A3956D46DE8}") = "Solution Items", "Solution Items", "{E8BC5942-A756-436C-982B-450762E03BB2}"
	ProjectSection(SolutionItems) = preProject
		.editorconfig = .editorconfig
	EndProjectSection
EndProject
Project("{9A19103F-16F7-4668-BE54-9A1E7A4F7556}") = "OldDataLayer", "OldDataLayer\OldDataLayer.csproj", "{D0081CF6-D420-4E5E-80D3-3E929BD8CE93}"
EndProject
Project("{FAE04EC0-301F-11D3-BF4B-00C04F79EFBC}") = "YiWin", "YiWin\YiWin.csproj", "{A6A280AC-A3B0-4369-AD69-7F16E219121A}"
EndProject
Global
	GlobalSection(SolutionConfigurationPlatforms) = preSolution
		Debug|Any CPU = Debug|Any CPU
		Release|Any CPU = Release|Any CPU
	EndGlobalSection
	GlobalSection(ProjectConfigurationPlatforms) = postSolution
		{F2C5F19A-26C6-446D-A8B0-EF723DC1F47C}.Debug|Any CPU.ActiveCfg = Debug|Any CPU
		{F2C5F19A-26C6-446D-A8B0-EF723DC1F47C}.Debug|Any CPU.Build.0 = Debug|Any CPU
		{F2C5F19A-26C6-446D-A8B0-EF723DC1F47C}.Debug|Any CPU.Deploy.0 = Debug|Any CPU
		{F2C5F19A-26C6-446D-A8B0-EF723DC1F47C}.Release|Any CPU.ActiveCfg = Release|Any CPU
		{F2C5F19A-26C6-446D-A8B0-EF723DC1F47C}.Release|Any CPU.Build.0 = Release|Any CPU
		{F2C5F19A-26C6-446D-A8B0-EF723DC1F47C}.Release|Any CPU.Deploy.0 = Release|Any CPU
		{B5B76370-C138-4345-BB47-C717873661D3}.Debug|Any CPU.ActiveCfg = Debug|Any CPU
		{B5B76370-C138-4345-BB47-C717873661D3}.Debug|Any CPU.Build.0 = Debug|Any CPU
		{B5B76370-C138-4345-BB47-C717873661D3}.Release|Any CPU.ActiveCfg = Release|Any CPU
		{B5B76370-C138-4345-BB47-C717873661D3}.Release|Any CPU.Build.0 = Release|Any CPU
		{753528D5-762C-4630-AC3C-6B7D61AA1A0A}.Debug|Any CPU.ActiveCfg = Debug|Any CPU
		{753528D5-762C-4630-AC3C-6B7D61AA1A0A}.Debug|Any CPU.Build.0 = Debug|Any CPU
		{753528D5-762C-4630-AC3C-6B7D61AA1A0A}.Release|Any CPU.ActiveCfg = Release|Any CPU
		{753528D5-762C-4630-AC3C-6B7D61AA1A0A}.Release|Any CPU.Build.0 = Release|Any CPU
		{D0081CF6-D420-4E5E-80D3-3E929BD8CE93}.Debug|Any CPU.ActiveCfg = Debug|Any CPU
		{D0081CF6-D420-4E5E-80D3-3E929BD8CE93}.Debug|Any CPU.Build.0 = Debug|Any CPU
		{D0081CF6-D420-4E5E-80D3-3E929BD8CE93}.Release|Any CPU.ActiveCfg = Release|Any CPU
		{D0081CF6-D420-4E5E-80D3-3E929BD8CE93}.Release|Any CPU.Build.0 = Release|Any CPU
		{A6A280AC-A3B0-4369-AD69-7F16E219121A}.Debug|Any CPU.ActiveCfg = Debug|Any CPU
		{A6A280AC-A3B0-4369-AD69-7F16E219121A}.Debug|Any CPU.Build.0 = Debug|Any CPU
		{A6A280AC-A3B0-4369-AD69-7F16E219121A}.Release|Any CPU.ActiveCfg = Release|Any CPU
		{A6A280AC-A3B0-4369-AD69-7F16E219121A}.Release|Any CPU.Build.0 = Release|Any CPU
	EndGlobalSection
	GlobalSection(SolutionProperties) = preSolution
		HideSolutionNode = FALSE
	EndGlobalSection
	GlobalSection(ExtensibilityGlobals) = postSolution
		SolutionGuid = {2D313C64-61BA-40FD-89F0-98E374A3CE10}
	EndGlobalSection
EndGlobal
